
Microsoft Visual Studio Solution File, Format Version 12.00
# Visual Studio Version 16
VisualStudioVersion = 16.0.30225.117
MinimumVisualStudioVersion = 10.0.40219.1
Project("{9A19103F-16F7-4668-BE54-9A1E7A4F7556}") = "TrueLayerHackerNews", "TrueLayerHackerNews.csproj", "{95DF3C59-0A14-465B-9F09-0873B571C428}"
EndProject
Project("{FAE04EC0-301F-11D3-BF4B-00C04F79EFBC}") = "UnitTestProject", "UnitTestProject\UnitTestProject.csproj", "{42244623-CD29-437C-B71D-58CEDF142C8C}"
EndProject
Global
	GlobalSection(SolutionConfigurationPlatforms) = preSolution
		Debug|Any CPU = Debug|Any CPU
		Release|Any CPU = Release|Any CPU
	EndGlobalSection
	GlobalSection(ProjectConfigurationPlatforms) = postSolution
		{95DF3C59-0A14-465B-9F09-0873B571C428}.Debug|Any CPU.ActiveCfg = Debug|Any CPU
		{95DF3C59-0A14-465B-9F09-0873B571C428}.Debug|Any CPU.Build.0 = Debug|Any CPU
		{95DF3C59-0A14-465B-9F09-0873B571C428}.Release|Any CPU.ActiveCfg = Release|Any CPU
		{95DF3C59-0A14-465B-9F09-0873B571C428}.Release|Any CPU.Build.0 = Release|Any CPU
		{42244623-CD29-437C-B71D-58CEDF142C8C}.Debug|Any CPU.ActiveCfg = Debug|Any CPU
		{42244623-CD29-437C-B71D-58CEDF142C8C}.Debug|Any CPU.Build.0 = Debug|Any CPU
		{42244623-CD29-437C-B71D-58CEDF142C8C}.Release|Any CPU.ActiveCfg = Release|Any CPU
		{42244623-CD29-437C-B71D-58CEDF142C8C}.Release|Any CPU.Build.0 = Release|Any CPU
	EndGlobalSection
	GlobalSection(SolutionProperties) = preSolution
		HideSolutionNode = FALSE
	EndGlobalSection
	GlobalSection(ExtensibilityGlobals) = postSolution
		SolutionGuid = {1D82D6B0-0900-4664-9360-62F76E757AC2}
	EndGlobalSection
EndGlobal
